
Microsoft Visual Studio Solution File, Format Version 12.00
# Visual Studio Version 17
VisualStudioVersion = 17.4.33205.214
MinimumVisualStudioVersion = 10.0.40219.1
Project("{9A19103F-16F7-4668-BE54-9A1E7A4F7556}") = "Utal.Icc.Sgm", "Utal.Icc.Sgm.csproj", "{3CE0B874-1433-4770-BE11-21FFAFF31523}"
EndProject
Global
	GlobalSection(SolutionConfigurationPlatforms) = preSolution
		Debug|Any CPU = Debug|Any CPU
		Release|Any CPU = Release|Any CPU
	EndGlobalSection
	GlobalSection(ProjectConfigurationPlatforms) = postSolution
		{3CE0B874-1433-4770-BE11-21FFAFF31523}.Debug|Any CPU.ActiveCfg = Debug|Any CPU
		{3CE0B874-1433-4770-BE11-21FFAFF31523}.Debug|Any CPU.Build.0 = Debug|Any CPU
		{3CE0B874-1433-4770-BE11-21FFAFF31523}.Release|Any CPU.ActiveCfg = Release|Any CPU
		{3CE0B874-1433-4770-BE11-21FFAFF31523}.Release|Any CPU.Build.0 = Release|Any CPU
	EndGlobalSection
	GlobalSection(SolutionProperties) = preSolution
		HideSolutionNode = FALSE
	EndGlobalSection
	GlobalSection(ExtensibilityGlobals) = postSolution
		SolutionGuid = {A1C003D2-7354-447D-9CF0-1E2DC2622F3A}
	EndGlobalSection
EndGlobal
